// !$*UTF8*$!
{
	archiveVersion = 1;
	classes = {
	};
	objectVersion = 50;
	objects = {

/* Begin PBXBuildFile section */
		DB00B232211035660020ABC7 /* VPKVideoEditTool.m in Sources */ = {isa = PBXBuildFile; fileRef = DB00B231211035660020ABC7 /* VPKVideoEditTool.m */; };
		DB0FBC71210F12FE00227D27 /* WaterMarkWithVPKCon.m in Sources */ = {isa = PBXBuildFile; fileRef = DB0FBC6F210F12FE00227D27 /* WaterMarkWithVPKCon.m */; };
		DB0FBC72210F12FE00227D27 /* WaterMarkWithVPKCon.xib in Resources */ = {isa = PBXBuildFile; fileRef = DB0FBC70210F12FE00227D27 /* WaterMarkWithVPKCon.xib */; };
		DB0FBC75210F14BD00227D27 /* CustomAlertView.m in Sources */ = {isa = PBXBuildFile; fileRef = DB0FBC73210F14BD00227D27 /* CustomAlertView.m */; };
		DB0FBC78210F150D00227D27 /* ImageTitleButton.m in Sources */ = {isa = PBXBuildFile; fileRef = DB0FBC77210F150D00227D27 /* ImageTitleButton.m */; };
		DB3122F720E5E1CD00E26602 /* AppDelegate.m in Sources */ = {isa = PBXBuildFile; fileRef = DB3122F620E5E1CD00E26602 /* AppDelegate.m */; };
		DB3122FA20E5E1CD00E26602 /* ViewController.m in Sources */ = {isa = PBXBuildFile; fileRef = DB3122F920E5E1CD00E26602 /* ViewController.m */; };
		DB3122FD20E5E1CD00E26602 /* Main.storyboard in Resources */ = {isa = PBXBuildFile; fileRef = DB3122FB20E5E1CD00E26602 /* Main.storyboard */; };
		DB3122FF20E5E1D100E26602 /* Assets.xcassets in Resources */ = {isa = PBXBuildFile; fileRef = DB3122FE20E5E1D100E26602 /* Assets.xcassets */; };
		DB31230220E5E1D100E26602 /* LaunchScreen.storyboard in Resources */ = {isa = PBXBuildFile; fileRef = DB31230020E5E1D100E26602 /* LaunchScreen.storyboard */; };
		DB31230520E5E1D100E26602 /* main.m in Sources */ = {isa = PBXBuildFile; fileRef = DB31230420E5E1D100E26602 /* main.m */; };
		DB31230F20E5E1D200E26602 /* VideoProcessKitTestTests.m in Sources */ = {isa = PBXBuildFile; fileRef = DB31230E20E5E1D200E26602 /* VideoProcessKitTestTests.m */; };
		DB31231A20E5E1D200E26602 /* VideoProcessKitTestUITests.m in Sources */ = {isa = PBXBuildFile; fileRef = DB31231920E5E1D200E26602 /* VideoProcessKitTestUITests.m */; };
		DB31232920E5E9CD00E26602 /* BaseTableViewCell.m in Sources */ = {isa = PBXBuildFile; fileRef = DB31232820E5E9CD00E26602 /* BaseTableViewCell.m */; };
		DB31232C20E5EA4700E26602 /* BaseTableCell.m in Sources */ = {isa = PBXBuildFile; fileRef = DB31232B20E5EA4700E26602 /* BaseTableCell.m */; };
		DB31233020E5EAFE00E26602 /* MainTableViewCell.m in Sources */ = {isa = PBXBuildFile; fileRef = DB31232E20E5EAFE00E26602 /* MainTableViewCell.m */; };
		DB31233120E5EAFE00E26602 /* MainTableViewCell.xib in Resources */ = {isa = PBXBuildFile; fileRef = DB31232F20E5EAFE00E26602 /* MainTableViewCell.xib */; };
		DB31233620E60BD000E26602 /* SimpleCompositionCon.m in Sources */ = {isa = PBXBuildFile; fileRef = DB31233420E60BD000E26602 /* SimpleCompositionCon.m */; };
		DB31233720E60BD000E26602 /* SimpleCompositionCon.xib in Resources */ = {isa = PBXBuildFile; fileRef = DB31233520E60BD000E26602 /* SimpleCompositionCon.xib */; };
		DB31233F20E624DE00E26602 /* VPKFileManager.m in Sources */ = {isa = PBXBuildFile; fileRef = DB31233E20E624DD00E26602 /* VPKFileManager.m */; };
		DB6FF88A20EA0F7D006956AE /* VPKCompositonManager.m in Sources */ = {isa = PBXBuildFile; fileRef = DB6FF88920EA0F7D006956AE /* VPKCompositonManager.m */; };
		DB6FF89120EA3DB0006956AE /* MFwf6J.mp4 in Resources */ = {isa = PBXBuildFile; fileRef = DB6FF88F20EA3DB0006956AE /* MFwf6J.mp4 */; };
		DB6FF89220EA3DB0006956AE /* XnzwQF.mp4 in Resources */ = {isa = PBXBuildFile; fileRef = DB6FF89020EA3DB0006956AE /* XnzwQF.mp4 */; };
		DB6FF89520EA46C3006956AE /* dVIlx3.mp4 in Resources */ = {isa = PBXBuildFile; fileRef = DB6FF89320EA46C2006956AE /* dVIlx3.mp4 */; };
		DB6FF89620EA46C3006956AE /* T9tONp.mp4 in Resources */ = {isa = PBXBuildFile; fileRef = DB6FF89420EA46C3006956AE /* T9tONp.mp4 */; };
		DB6FF89820EA47E6006956AE /* 123.MOV in Resources */ = {isa = PBXBuildFile; fileRef = DB6FF89720EA47E6006956AE /* 123.MOV */; };
		DB6FF89A20EA48DF006956AE /* 123.mp3 in Resources */ = {isa = PBXBuildFile; fileRef = DB6FF89920EA48DF006956AE /* 123.mp3 */; };
		DB7DBF062108932100C5393F /* videoWatermarksCon.m in Sources */ = {isa = PBXBuildFile; fileRef = DB7DBF042108932100C5393F /* videoWatermarksCon.m */; };
		DB7DBF072108932100C5393F /* videoWatermarksCon.xib in Resources */ = {isa = PBXBuildFile; fileRef = DB7DBF052108932100C5393F /* videoWatermarksCon.xib */; };
		DB7DBF0C2109617B00C5393F /* BaseWaterMarkCon.m in Sources */ = {isa = PBXBuildFile; fileRef = DB7DBF0A2109617B00C5393F /* BaseWaterMarkCon.m */; };
		DB7DBF0D2109617B00C5393F /* BaseWaterMarkCon.xib in Resources */ = {isa = PBXBuildFile; fileRef = DB7DBF0B2109617B00C5393F /* BaseWaterMarkCon.xib */; };
		DB7DBF14210969DB00C5393F /* AddBorderCon.m in Sources */ = {isa = PBXBuildFile; fileRef = DB7DBF12210969DB00C5393F /* AddBorderCon.m */; };
		DB7DBF15210969DB00C5393F /* AddBorderCon.xib in Resources */ = {isa = PBXBuildFile; fileRef = DB7DBF13210969DB00C5393F /* AddBorderCon.xib */; };
		DB7DBF19210972D400C5393F /* AddOverLayerCon.m in Sources */ = {isa = PBXBuildFile; fileRef = DB7DBF17210972D400C5393F /* AddOverLayerCon.m */; };
		DB7DBF1A210972D400C5393F /* AddOverLayerCon.xib in Resources */ = {isa = PBXBuildFile; fileRef = DB7DBF18210972D400C5393F /* AddOverLayerCon.xib */; };
		DB7DBF1C2109752900C5393F /* layer.png in Resources */ = {isa = PBXBuildFile; fileRef = DB7DBF1B2109752900C5393F /* layer.png */; };
		DB7DBF20210976C200C5393F /* AddSubtitleCon.m in Sources */ = {isa = PBXBuildFile; fileRef = DB7DBF1E210976C200C5393F /* AddSubtitleCon.m */; };
		DB7DBF21210976C200C5393F /* AddSubtitleCon.xib in Resources */ = {isa = PBXBuildFile; fileRef = DB7DBF1F210976C200C5393F /* AddSubtitleCon.xib */; };
		DB7DBF2521099D0B00C5393F /* AddTiltCon.m in Sources */ = {isa = PBXBuildFile; fileRef = DB7DBF2321099D0B00C5393F /* AddTiltCon.m */; };
		DB7DBF2621099D0B00C5393F /* AddTiltCon.xib in Resources */ = {isa = PBXBuildFile; fileRef = DB7DBF2421099D0B00C5393F /* AddTiltCon.xib */; };
		DB7DBF2A2109A37B00C5393F /* AddAnimationCon.m in Sources */ = {isa = PBXBuildFile; fileRef = DB7DBF282109A37B00C5393F /* AddAnimationCon.m */; };
		DB7DBF2B2109A37B00C5393F /* AddAnimationCon.xib in Resources */ = {isa = PBXBuildFile; fileRef = DB7DBF292109A37B00C5393F /* AddAnimationCon.xib */; };
		DB7DBF342109CA9500C5393F /* AddLottieViewCon.m in Sources */ = {isa = PBXBuildFile; fileRef = DB7DBF322109CA9500C5393F /* AddLottieViewCon.m */; };
		DB7DBF352109CA9500C5393F /* AddLottieViewCon.xib in Resources */ = {isa = PBXBuildFile; fileRef = DB7DBF332109CA9500C5393F /* AddLottieViewCon.xib */; };
		DB7DBF6D2109D0B000C5393F /* Switch.json in Resources */ = {isa = PBXBuildFile; fileRef = DB7DBF392109D0B000C5393F /* Switch.json */; };
		DB7DBF6E2109D0B000C5393F /* TwitterHeart.json in Resources */ = {isa = PBXBuildFile; fileRef = DB7DBF3A2109D0B000C5393F /* TwitterHeart.json */; };
		DB7DBF6F2109D0B000C5393F /* 9squares-AlBoardman.json in Resources */ = {isa = PBXBuildFile; fileRef = DB7DBF3B2109D0B000C5393F /* 9squares-AlBoardman.json */; };
		DB7DBF702109D0B000C5393F /* MotionCorpse-Jrcanest.json in Resources */ = {isa = PBXBuildFile; fileRef = DB7DBF3C2109D0B000C5393F /* MotionCorpse-Jrcanest.json */; };
		DB7DBF712109D0B000C5393F /* T.json in Resources */ = {isa = PBXBuildFile; fileRef = DB7DBF3E2109D0B000C5393F /* T.json */; };
		DB7DBF722109D0B000C5393F /* A.json in Resources */ = {isa = PBXBuildFile; fileRef = DB7DBF3F2109D0B000C5393F /* A.json */; };
		DB7DBF732109D0B000C5393F /* X.json in Resources */ = {isa = PBXBuildFile; fileRef = DB7DBF402109D0B000C5393F /* X.json */; };
		DB7DBF742109D0B000C5393F /* BlinkingCursor.json in Resources */ = {isa = PBXBuildFile; fileRef = DB7DBF412109D0B000C5393F /* BlinkingCursor.json */; };
		DB7DBF752109D0B000C5393F /* M.json in Resources */ = {isa = PBXBuildFile; fileRef = DB7DBF422109D0B000C5393F /* M.json */; };
		DB7DBF762109D0B000C5393F /* L.json in Resources */ = {isa = PBXBuildFile; fileRef = DB7DBF432109D0B000C5393F /* L.json */; };
		DB7DBF772109D0B000C5393F /* Y.json in Resources */ = {isa = PBXBuildFile; fileRef = DB7DBF442109D0B000C5393F /* Y.json */; };
		DB7DBF782109D0B000C5393F /* U.json in Resources */ = {isa = PBXBuildFile; fileRef = DB7DBF452109D0B000C5393F /* U.json */; };
		DB7DBF792109D0B100C5393F /* K.json in Resources */ = {isa = PBXBuildFile; fileRef = DB7DBF462109D0B000C5393F /* K.json */; };
		DB7DBF7A2109D0B100C5393F /* R.json in Resources */ = {isa = PBXBuildFile; fileRef = DB7DBF472109D0B000C5393F /* R.json */; };
		DB7DBF7B2109D0B100C5393F /* G.json in Resources */ = {isa = PBXBuildFile; fileRef = DB7DBF482109D0B000C5393F /* G.json */; };
		DB7DBF7C2109D0B100C5393F /* F.json in Resources */ = {isa = PBXBuildFile; fileRef = DB7DBF492109D0B000C5393F /* F.json */; };
		DB7DBF7D2109D0B100C5393F /* S.json in Resources */ = {isa = PBXBuildFile; fileRef = DB7DBF4A2109D0B000C5393F /* S.json */; };
		DB7DBF7E2109D0B100C5393F /* J.json in Resources */ = {isa = PBXBuildFile; fileRef = DB7DBF4B2109D0B000C5393F /* J.json */; };
		DB7DBF7F2109D0B100C5393F /* I.json in Resources */ = {isa = PBXBuildFile; fileRef = DB7DBF4C2109D0B000C5393F /* I.json */; };
		DB7DBF802109D0B100C5393F /* E.json in Resources */ = {isa = PBXBuildFile; fileRef = DB7DBF4D2109D0B000C5393F /* E.json */; };
		DB7DBF812109D0B100C5393F /* Apostrophe.json in Resources */ = {isa = PBXBuildFile; fileRef = DB7DBF4E2109D0B000C5393F /* Apostrophe.json */; };
		DB7DBF822109D0B100C5393F /* P.json in Resources */ = {isa = PBXBuildFile; fileRef = DB7DBF4F2109D0B000C5393F /* P.json */; };
		DB7DBF832109D0B100C5393F /* Q.json in Resources */ = {isa = PBXBuildFile; fileRef = DB7DBF502109D0B000C5393F /* Q.json */; };
		DB7DBF842109D0B100C5393F /* D.json in Resources */ = {isa = PBXBuildFile; fileRef = DB7DBF512109D0B000C5393F /* D.json */; };
		DB7DBF852109D0B100C5393F /* Colon.json in Resources */ = {isa = PBXBuildFile; fileRef = DB7DBF522109D0B000C5393F /* Colon.json */; };
		DB7DBF862109D0B100C5393F /* H.json in Resources */ = {isa = PBXBuildFile; fileRef = DB7DBF532109D0B000C5393F /* H.json */; };
		DB7DBF872109D0B100C5393F /* C.json in Resources */ = {isa = PBXBuildFile; fileRef = DB7DBF542109D0B000C5393F /* C.json */; };
		DB7DBF882109D0B100C5393F /* V.json in Resources */ = {isa = PBXBuildFile; fileRef = DB7DBF552109D0B000C5393F /* V.json */; };
		DB7DBF892109D0B100C5393F /* Comma.json in Resources */ = {isa = PBXBuildFile; fileRef = DB7DBF562109D0B000C5393F /* Comma.json */; };
		DB7DBF8A2109D0B100C5393F /* O.json in Resources */ = {isa = PBXBuildFile; fileRef = DB7DBF572109D0B000C5393F /* O.json */; };
		DB7DBF8B2109D0B100C5393F /* Z.json in Resources */ = {isa = PBXBuildFile; fileRef = DB7DBF582109D0B000C5393F /* Z.json */; };
		DB7DBF8C2109D0B100C5393F /* N.json in Resources */ = {isa = PBXBuildFile; fileRef = DB7DBF592109D0B000C5393F /* N.json */; };
		DB7DBF8D2109D0B100C5393F /* W.json in Resources */ = {isa = PBXBuildFile; fileRef = DB7DBF5A2109D0B000C5393F /* W.json */; };
		DB7DBF8E2109D0B100C5393F /* B.json in Resources */ = {isa = PBXBuildFile; fileRef = DB7DBF5B2109D0B000C5393F /* B.json */; };
		DB7DBF8F2109D0B100C5393F /* HamburgerArrow.json in Resources */ = {isa = PBXBuildFile; fileRef = DB7DBF5C2109D0B000C5393F /* HamburgerArrow.json */; };
		DB7DBF902109D0B100C5393F /* vcTransition1.json in Resources */ = {isa = PBXBuildFile; fileRef = DB7DBF5D2109D0B000C5393F /* vcTransition1.json */; };
		DB7DBF912109D0B100C5393F /* LottieLogo2.json in Resources */ = {isa = PBXBuildFile; fileRef = DB7DBF5E2109D0B000C5393F /* LottieLogo2.json */; };
		DB7DBF922109D0B100C5393F /* Boat_Loader.json in Resources */ = {isa = PBXBuildFile; fileRef = DB7DBF5F2109D0B000C5393F /* Boat_Loader.json */; };
		DB7DBF932109D0B100C5393F /* GeometryTransformTest.json in Resources */ = {isa = PBXBuildFile; fileRef = DB7DBF602109D0B000C5393F /* GeometryTransformTest.json */; };
		DB7DBF942109D0B100C5393F /* Watermelon.json in Resources */ = {isa = PBXBuildFile; fileRef = DB7DBF612109D0B000C5393F /* Watermelon.json */; };
		DB7DBF952109D0B100C5393F /* IconTransitions.json in Resources */ = {isa = PBXBuildFile; fileRef = DB7DBF622109D0B000C5393F /* IconTransitions.json */; };
		DB7DBF962109D0B100C5393F /* vcTransition2.json in Resources */ = {isa = PBXBuildFile; fileRef = DB7DBF632109D0B000C5393F /* vcTransition2.json */; };
		DB7DBF972109D0B100C5393F /* LottieLogo1.json in Resources */ = {isa = PBXBuildFile; fileRef = DB7DBF642109D0B000C5393F /* LottieLogo1.json */; };
		DB7DBF982109D0B100C5393F /* Switch_States.json in Resources */ = {isa = PBXBuildFile; fileRef = DB7DBF652109D0B000C5393F /* Switch_States.json */; };
		DB7DBF992109D0B100C5393F /* setValueTest.json in Resources */ = {isa = PBXBuildFile; fileRef = DB7DBF662109D0B000C5393F /* setValueTest.json */; };
		DB7DBF9C2109D0B100C5393F /* keypathTest.json in Resources */ = {isa = PBXBuildFile; fileRef = DB7DBF692109D0B000C5393F /* keypathTest.json */; };
		DB7DBF9D2109D0B100C5393F /* PinJump.json in Resources */ = {isa = PBXBuildFile; fileRef = DB7DBF6A2109D0B000C5393F /* PinJump.json */; };
		DB7DBF9E2109D0B100C5393F /* LottieLogo1_masked.json in Resources */ = {isa = PBXBuildFile; fileRef = DB7DBF6B2109D0B000C5393F /* LottieLogo1_masked.json */; };
		DB7DBF9F2109D0B100C5393F /* timeremap.json in Resources */ = {isa = PBXBuildFile; fileRef = DB7DBF6C2109D0B000C5393F /* timeremap.json */; };
		E103518203791B1BC7AAC792 /* libPods-VideoProcessKitTest.a in Frameworks */ = {isa = PBXBuildFile; fileRef = 1650BA95D4F4E096C646D058 /* libPods-VideoProcessKitTest.a */; };
/* End PBXBuildFile section */

/* Begin PBXContainerItemProxy section */
		DB31230B20E5E1D200E26602 /* PBXContainerItemProxy */ = {
			isa = PBXContainerItemProxy;
			containerPortal = DB3122EA20E5E1CD00E26602 /* Project object */;
			proxyType = 1;
			remoteGlobalIDString = DB3122F120E5E1CD00E26602;
			remoteInfo = VideoProcessKitTest;
		};
		DB31231620E5E1D200E26602 /* PBXContainerItemProxy */ = {
			isa = PBXContainerItemProxy;
			containerPortal = DB3122EA20E5E1CD00E26602 /* Project object */;
			proxyType = 1;
			remoteGlobalIDString = DB3122F120E5E1CD00E26602;
			remoteInfo = VideoProcessKitTest;
		};
/* End PBXContainerItemProxy section */

/* Begin PBXFileReference section */
		1650BA95D4F4E096C646D058 /* libPods-VideoProcessKitTest.a */ = {isa = PBXFileReference; explicitFileType = archive.ar; includeInIndex = 0; path = "libPods-VideoProcessKitTest.a"; sourceTree = BUILT_PRODUCTS_DIR; };
		9AF7C55FB7609E2A8281FCB1 /* Pods-VideoProcessKitTest.release.xcconfig */ = {isa = PBXFileReference; includeInIndex = 1; lastKnownFileType = text.xcconfig; name = "Pods-VideoProcessKitTest.release.xcconfig"; path = "Pods/Target Support Files/Pods-VideoProcessKitTest/Pods-VideoProcessKitTest.release.xcconfig"; sourceTree = "<group>"; };
		CA0CBCC7949CB3870EA8F474 /* Pods-VideoProcessKitTest.debug.xcconfig */ = {isa = PBXFileReference; includeInIndex = 1; lastKnownFileType = text.xcconfig; name = "Pods-VideoProcessKitTest.debug.xcconfig"; path = "Pods/Target Support Files/Pods-VideoProcessKitTest/Pods-VideoProcessKitTest.debug.xcconfig"; sourceTree = "<group>"; };
		DB00B230211035660020ABC7 /* VPKVideoEditTool.h */ = {isa = PBXFileReference; lastKnownFileType = sourcecode.c.h; path = VPKVideoEditTool.h; sourceTree = "<group>"; };
		DB00B231211035660020ABC7 /* VPKVideoEditTool.m */ = {isa = PBXFileReference; lastKnownFileType = sourcecode.c.objc; path = VPKVideoEditTool.m; sourceTree = "<group>"; };
		DB00B23321105E5E0020ABC7 /* VideoProcessKit.h */ = {isa = PBXFileReference; lastKnownFileType = sourcecode.c.h; path = VideoProcessKit.h; sourceTree = "<group>"; };
		DB0FBC6E210F12FE00227D27 /* WaterMarkWithVPKCon.h */ = {isa = PBXFileReference; lastKnownFileType = sourcecode.c.h; path = WaterMarkWithVPKCon.h; sourceTree = "<group>"; };
		DB0FBC6F210F12FE00227D27 /* WaterMarkWithVPKCon.m */ = {isa = PBXFileReference; lastKnownFileType = sourcecode.c.objc; path = WaterMarkWithVPKCon.m; sourceTree = "<group>"; };
		DB0FBC70210F12FE00227D27 /* WaterMarkWithVPKCon.xib */ = {isa = PBXFileReference; lastKnownFileType = file.xib; path = WaterMarkWithVPKCon.xib; sourceTree = "<group>"; };
		DB0FBC73210F14BD00227D27 /* CustomAlertView.m */ = {isa = PBXFileReference; fileEncoding = 4; lastKnownFileType = sourcecode.c.objc; name = CustomAlertView.m; path = VideoProcessKitTest/CustomAlertView.m; sourceTree = SOURCE_ROOT; };
		DB0FBC74210F14BD00227D27 /* CustomAlertView.h */ = {isa = PBXFileReference; fileEncoding = 4; lastKnownFileType = sourcecode.c.h; name = CustomAlertView.h; path = VideoProcessKitTest/CustomAlertView.h; sourceTree = SOURCE_ROOT; };
		DB0FBC76210F150D00227D27 /* ImageTitleButton.h */ = {isa = PBXFileReference; fileEncoding = 4; lastKnownFileType = sourcecode.c.h; name = ImageTitleButton.h; path = "VideoProcessKitTest/归档/ImageTitleButton.h"; sourceTree = SOURCE_ROOT; };
		DB0FBC77210F150D00227D27 /* ImageTitleButton.m */ = {isa = PBXFileReference; fileEncoding = 4; lastKnownFileType = sourcecode.c.objc; name = ImageTitleButton.m; path = "VideoProcessKitTest/归档/ImageTitleButton.m"; sourceTree = SOURCE_ROOT; };
		DB3122F220E5E1CD00E26602 /* VideoProcessKitTest.app */ = {isa = PBXFileReference; explicitFileType = wrapper.application; includeInIndex = 0; path = VideoProcessKitTest.app; sourceTree = BUILT_PRODUCTS_DIR; };
		DB3122F520E5E1CD00E26602 /* AppDelegate.h */ = {isa = PBXFileReference; lastKnownFileType = sourcecode.c.h; path = AppDelegate.h; sourceTree = "<group>"; };
		DB3122F620E5E1CD00E26602 /* AppDelegate.m */ = {isa = PBXFileReference; lastKnownFileType = sourcecode.c.objc; path = AppDelegate.m; sourceTree = "<group>"; };
		DB3122F820E5E1CD00E26602 /* ViewController.h */ = {isa = PBXFileReference; lastKnownFileType = sourcecode.c.h; path = ViewController.h; sourceTree = "<group>"; };
		DB3122F920E5E1CD00E26602 /* ViewController.m */ = {isa = PBXFileReference; lastKnownFileType = sourcecode.c.objc; path = ViewController.m; sourceTree = "<group>"; };
		DB3122FC20E5E1CD00E26602 /* Base */ = {isa = PBXFileReference; lastKnownFileType = file.storyboard; name = Base; path = Base.lproj/Main.storyboard; sourceTree = "<group>"; };
		DB3122FE20E5E1D100E26602 /* Assets.xcassets */ = {isa = PBXFileReference; lastKnownFileType = folder.assetcatalog; path = Assets.xcassets; sourceTree = "<group>"; };
		DB31230120E5E1D100E26602 /* Base */ = {isa = PBXFileReference; lastKnownFileType = file.storyboard; name = Base; path = Base.lproj/LaunchScreen.storyboard; sourceTree = "<group>"; };
		DB31230320E5E1D100E26602 /* Info.plist */ = {isa = PBXFileReference; lastKnownFileType = text.plist.xml; path = Info.plist; sourceTree = "<group>"; };
		DB31230420E5E1D100E26602 /* main.m */ = {isa = PBXFileReference; lastKnownFileType = sourcecode.c.objc; path = main.m; sourceTree = "<group>"; };
		DB31230A20E5E1D200E26602 /* VideoProcessKitTestTests.xctest */ = {isa = PBXFileReference; explicitFileType = wrapper.cfbundle; includeInIndex = 0; path = VideoProcessKitTestTests.xctest; sourceTree = BUILT_PRODUCTS_DIR; };
		DB31230E20E5E1D200E26602 /* VideoProcessKitTestTests.m */ = {isa = PBXFileReference; lastKnownFileType = sourcecode.c.objc; path = VideoProcessKitTestTests.m; sourceTree = "<group>"; };
		DB31231020E5E1D200E26602 /* Info.plist */ = {isa = PBXFileReference; lastKnownFileType = text.plist.xml; path = Info.plist; sourceTree = "<group>"; };
		DB31231520E5E1D200E26602 /* VideoProcessKitTestUITests.xctest */ = {isa = PBXFileReference; explicitFileType = wrapper.cfbundle; includeInIndex = 0; path = VideoProcessKitTestUITests.xctest; sourceTree = BUILT_PRODUCTS_DIR; };
		DB31231920E5E1D200E26602 /* VideoProcessKitTestUITests.m */ = {isa = PBXFileReference; lastKnownFileType = sourcecode.c.objc; path = VideoProcessKitTestUITests.m; sourceTree = "<group>"; };
		DB31231B20E5E1D200E26602 /* Info.plist */ = {isa = PBXFileReference; lastKnownFileType = text.plist.xml; path = Info.plist; sourceTree = "<group>"; };
		DB31232720E5E9CD00E26602 /* BaseTableViewCell.h */ = {isa = PBXFileReference; fileEncoding = 4; lastKnownFileType = sourcecode.c.h; path = BaseTableViewCell.h; sourceTree = "<group>"; };
		DB31232820E5E9CD00E26602 /* BaseTableViewCell.m */ = {isa = PBXFileReference; fileEncoding = 4; lastKnownFileType = sourcecode.c.objc; path = BaseTableViewCell.m; sourceTree = "<group>"; };
		DB31232A20E5EA4600E26602 /* BaseTableCell.h */ = {isa = PBXFileReference; fileEncoding = 4; lastKnownFileType = sourcecode.c.h; path = BaseTableCell.h; sourceTree = "<group>"; };
		DB31232B20E5EA4700E26602 /* BaseTableCell.m */ = {isa = PBXFileReference; fileEncoding = 4; lastKnownFileType = sourcecode.c.objc; path = BaseTableCell.m; sourceTree = "<group>"; };
		DB31232D20E5EAFE00E26602 /* MainTableViewCell.h */ = {isa = PBXFileReference; lastKnownFileType = sourcecode.c.h; path = MainTableViewCell.h; sourceTree = "<group>"; };
		DB31232E20E5EAFE00E26602 /* MainTableViewCell.m */ = {isa = PBXFileReference; lastKnownFileType = sourcecode.c.objc; path = MainTableViewCell.m; sourceTree = "<group>"; };
		DB31232F20E5EAFE00E26602 /* MainTableViewCell.xib */ = {isa = PBXFileReference; lastKnownFileType = file.xib; path = MainTableViewCell.xib; sourceTree = "<group>"; };
		DB31233320E60BD000E26602 /* SimpleCompositionCon.h */ = {isa = PBXFileReference; lastKnownFileType = sourcecode.c.h; path = SimpleCompositionCon.h; sourceTree = "<group>"; };
		DB31233420E60BD000E26602 /* SimpleCompositionCon.m */ = {isa = PBXFileReference; lastKnownFileType = sourcecode.c.objc; path = SimpleCompositionCon.m; sourceTree = "<group>"; };
		DB31233520E60BD000E26602 /* SimpleCompositionCon.xib */ = {isa = PBXFileReference; lastKnownFileType = file.xib; path = SimpleCompositionCon.xib; sourceTree = "<group>"; };
		DB31233D20E624DD00E26602 /* VPKFileManager.h */ = {isa = PBXFileReference; fileEncoding = 4; lastKnownFileType = sourcecode.c.h; path = VPKFileManager.h; sourceTree = "<group>"; };
		DB31233E20E624DD00E26602 /* VPKFileManager.m */ = {isa = PBXFileReference; fileEncoding = 4; lastKnownFileType = sourcecode.c.objc; path = VPKFileManager.m; sourceTree = "<group>"; };
		DB6FF88820EA0F7D006956AE /* VPKCompositonManager.h */ = {isa = PBXFileReference; lastKnownFileType = sourcecode.c.h; path = VPKCompositonManager.h; sourceTree = "<group>"; };
		DB6FF88920EA0F7D006956AE /* VPKCompositonManager.m */ = {isa = PBXFileReference; lastKnownFileType = sourcecode.c.objc; path = VPKCompositonManager.m; sourceTree = "<group>"; };
		DB6FF88F20EA3DB0006956AE /* MFwf6J.mp4 */ = {isa = PBXFileReference; lastKnownFileType = file; path = MFwf6J.mp4; sourceTree = "<group>"; };
		DB6FF89020EA3DB0006956AE /* XnzwQF.mp4 */ = {isa = PBXFileReference; lastKnownFileType = file; path = XnzwQF.mp4; sourceTree = "<group>"; };
		DB6FF89320EA46C2006956AE /* dVIlx3.mp4 */ = {isa = PBXFileReference; lastKnownFileType = file; path = dVIlx3.mp4; sourceTree = "<group>"; };
		DB6FF89420EA46C3006956AE /* T9tONp.mp4 */ = {isa = PBXFileReference; lastKnownFileType = file; path = T9tONp.mp4; sourceTree = "<group>"; };
		DB6FF89720EA47E6006956AE /* 123.MOV */ = {isa = PBXFileReference; lastKnownFileType = video.quicktime; path = 123.MOV; sourceTree = "<group>"; };
		DB6FF89920EA48DF006956AE /* 123.mp3 */ = {isa = PBXFileReference; lastKnownFileType = audio.mp3; path = 123.mp3; sourceTree = "<group>"; };
		DB7DBF032108932100C5393F /* videoWatermarksCon.h */ = {isa = PBXFileReference; lastKnownFileType = sourcecode.c.h; path = videoWatermarksCon.h; sourceTree = "<group>"; };
		DB7DBF042108932100C5393F /* videoWatermarksCon.m */ = {isa = PBXFileReference; lastKnownFileType = sourcecode.c.objc; path = videoWatermarksCon.m; sourceTree = "<group>"; };
		DB7DBF052108932100C5393F /* videoWatermarksCon.xib */ = {isa = PBXFileReference; lastKnownFileType = file.xib; path = videoWatermarksCon.xib; sourceTree = "<group>"; };
		DB7DBF092109617B00C5393F /* BaseWaterMarkCon.h */ = {isa = PBXFileReference; lastKnownFileType = sourcecode.c.h; path = BaseWaterMarkCon.h; sourceTree = "<group>"; };
		DB7DBF0A2109617B00C5393F /* BaseWaterMarkCon.m */ = {isa = PBXFileReference; lastKnownFileType = sourcecode.c.objc; path = BaseWaterMarkCon.m; sourceTree = "<group>"; };
		DB7DBF0B2109617B00C5393F /* BaseWaterMarkCon.xib */ = {isa = PBXFileReference; lastKnownFileType = file.xib; path = BaseWaterMarkCon.xib; sourceTree = "<group>"; };
		DB7DBF11210969DB00C5393F /* AddBorderCon.h */ = {isa = PBXFileReference; lastKnownFileType = sourcecode.c.h; path = AddBorderCon.h; sourceTree = "<group>"; };
		DB7DBF12210969DB00C5393F /* AddBorderCon.m */ = {isa = PBXFileReference; lastKnownFileType = sourcecode.c.objc; path = AddBorderCon.m; sourceTree = "<group>"; };
		DB7DBF13210969DB00C5393F /* AddBorderCon.xib */ = {isa = PBXFileReference; lastKnownFileType = file.xib; path = AddBorderCon.xib; sourceTree = "<group>"; };
		DB7DBF16210972D400C5393F /* AddOverLayerCon.h */ = {isa = PBXFileReference; lastKnownFileType = sourcecode.c.h; path = AddOverLayerCon.h; sourceTree = "<group>"; };
		DB7DBF17210972D400C5393F /* AddOverLayerCon.m */ = {isa = PBXFileReference; lastKnownFileType = sourcecode.c.objc; path = AddOverLayerCon.m; sourceTree = "<group>"; };
		DB7DBF18210972D400C5393F /* AddOverLayerCon.xib */ = {isa = PBXFileReference; lastKnownFileType = file.xib; path = AddOverLayerCon.xib; sourceTree = "<group>"; };
		DB7DBF1B2109752900C5393F /* layer.png */ = {isa = PBXFileReference; lastKnownFileType = image.png; path = layer.png; sourceTree = "<group>"; };
		DB7DBF1D210976C200C5393F /* AddSubtitleCon.h */ = {isa = PBXFileReference; lastKnownFileType = sourcecode.c.h; path = AddSubtitleCon.h; sourceTree = "<group>"; };
		DB7DBF1E210976C200C5393F /* AddSubtitleCon.m */ = {isa = PBXFileReference; lastKnownFileType = sourcecode.c.objc; path = AddSubtitleCon.m; sourceTree = "<group>"; };
		DB7DBF1F210976C200C5393F /* AddSubtitleCon.xib */ = {isa = PBXFileReference; lastKnownFileType = file.xib; path = AddSubtitleCon.xib; sourceTree = "<group>"; };
		DB7DBF2221099D0B00C5393F /* AddTiltCon.h */ = {isa = PBXFileReference; lastKnownFileType = sourcecode.c.h; path = AddTiltCon.h; sourceTree = "<group>"; };
		DB7DBF2321099D0B00C5393F /* AddTiltCon.m */ = {isa = PBXFileReference; lastKnownFileType = sourcecode.c.objc; path = AddTiltCon.m; sourceTree = "<group>"; };
		DB7DBF2421099D0B00C5393F /* AddTiltCon.xib */ = {isa = PBXFileReference; lastKnownFileType = file.xib; path = AddTiltCon.xib; sourceTree = "<group>"; };
		DB7DBF272109A37B00C5393F /* AddAnimationCon.h */ = {isa = PBXFileReference; lastKnownFileType = sourcecode.c.h; path = AddAnimationCon.h; sourceTree = "<group>"; };
		DB7DBF282109A37B00C5393F /* AddAnimationCon.m */ = {isa = PBXFileReference; lastKnownFileType = sourcecode.c.objc; path = AddAnimationCon.m; sourceTree = "<group>"; };
		DB7DBF292109A37B00C5393F /* AddAnimationCon.xib */ = {isa = PBXFileReference; lastKnownFileType = file.xib; path = AddAnimationCon.xib; sourceTree = "<group>"; };
		DB7DBF312109CA9500C5393F /* AddLottieViewCon.h */ = {isa = PBXFileReference; lastKnownFileType = sourcecode.c.h; path = AddLottieViewCon.h; sourceTree = "<group>"; };
		DB7DBF322109CA9500C5393F /* AddLottieViewCon.m */ = {isa = PBXFileReference; lastKnownFileType = sourcecode.c.objc; path = AddLottieViewCon.m; sourceTree = "<group>"; };
		DB7DBF332109CA9500C5393F /* AddLottieViewCon.xib */ = {isa = PBXFileReference; lastKnownFileType = file.xib; path = AddLottieViewCon.xib; sourceTree = "<group>"; };
		DB7DBF392109D0B000C5393F /* Switch.json */ = {isa = PBXFileReference; fileEncoding = 4; lastKnownFileType = text.json; path = Switch.json; sourceTree = "<group>"; };
		DB7DBF3A2109D0B000C5393F /* TwitterHeart.json */ = {isa = PBXFileReference; fileEncoding = 4; lastKnownFileType = text.json; path = TwitterHeart.json; sourceTree = "<group>"; };
		DB7DBF3B2109D0B000C5393F /* 9squares-AlBoardman.json */ = {isa = PBXFileReference; fileEncoding = 4; lastKnownFileType = text.json; path = "9squares-AlBoardman.json"; sourceTree = "<group>"; };
		DB7DBF3C2109D0B000C5393F /* MotionCorpse-Jrcanest.json */ = {isa = PBXFileReference; fileEncoding = 4; lastKnownFileType = text.json; path = "MotionCorpse-Jrcanest.json"; sourceTree = "<group>"; };
		DB7DBF3E2109D0B000C5393F /* T.json */ = {isa = PBXFileReference; fileEncoding = 4; lastKnownFileType = text.json; path = T.json; sourceTree = "<group>"; };
		DB7DBF3F2109D0B000C5393F /* A.json */ = {isa = PBXFileReference; fileEncoding = 4; lastKnownFileType = text.json; path = A.json; sourceTree = "<group>"; };
		DB7DBF402109D0B000C5393F /* X.json */ = {isa = PBXFileReference; fileEncoding = 4; lastKnownFileType = text.json; path = X.json; sourceTree = "<group>"; };
		DB7DBF412109D0B000C5393F /* BlinkingCursor.json */ = {isa = PBXFileReference; fileEncoding = 4; lastKnownFileType = text.json; path = BlinkingCursor.json; sourceTree = "<group>"; };
		DB7DBF422109D0B000C5393F /* M.json */ = {isa = PBXFileReference; fileEncoding = 4; lastKnownFileType = text.json; path = M.json; sourceTree = "<group>"; };
		DB7DBF432109D0B000C5393F /* L.json */ = {isa = PBXFileReference; fileEncoding = 4; lastKnownFileType = text.json; path = L.json; sourceTree = "<group>"; };
		DB7DBF442109D0B000C5393F /* Y.json */ = {isa = PBXFileReference; fileEncoding = 4; lastKnownFileType = text.json; path = Y.json; sourceTree = "<group>"; };
		DB7DBF452109D0B000C5393F /* U.json */ = {isa = PBXFileReference; fileEncoding = 4; lastKnownFileType = text.json; path = U.json; sourceTree = "<group>"; };
		DB7DBF462109D0B000C5393F /* K.json */ = {isa = PBXFileReference; fileEncoding = 4; lastKnownFileType = text.json; path = K.json; sourceTree = "<group>"; };
		DB7DBF472109D0B000C5393F /* R.json */ = {isa = PBXFileReference; fileEncoding = 4; lastKnownFileType = text.json; path = R.json; sourceTree = "<group>"; };
		DB7DBF482109D0B000C5393F /* G.json */ = {isa = PBXFileReference; fileEncoding = 4; lastKnownFileType = text.json; path = G.json; sourceTree = "<group>"; };
		DB7DBF492109D0B000C5393F /* F.json */ = {isa = PBXFileReference; fileEncoding = 4; lastKnownFileType = text.json; path = F.json; sourceTree = "<group>"; };
		DB7DBF4A2109D0B000C5393F /* S.json */ = {isa = PBXFileReference; fileEncoding = 4; lastKnownFileType = text.json; path = S.json; sourceTree = "<group>"; };
		DB7DBF4B2109D0B000C5393F /* J.json */ = {isa = PBXFileReference; fileEncoding = 4; lastKnownFileType = text.json; path = J.json; sourceTree = "<group>"; };
		DB7DBF4C2109D0B000C5393F /* I.json */ = {isa = PBXFileReference; fileEncoding = 4; lastKnownFileType = text.json; path = I.json; sourceTree = "<group>"; };
		DB7DBF4D2109D0B000C5393F /* E.json */ = {isa = PBXFileReference; fileEncoding = 4; lastKnownFileType = text.json; path = E.json; sourceTree = "<group>"; };
		DB7DBF4E2109D0B000C5393F /* Apostrophe.json */ = {isa = PBXFileReference; fileEncoding = 4; lastKnownFileType = text.json; path = Apostrophe.json; sourceTree = "<group>"; };
		DB7DBF4F2109D0B000C5393F /* P.json */ = {isa = PBXFileReference; fileEncoding = 4; lastKnownFileType = text.json; path = P.json; sourceTree = "<group>"; };
		DB7DBF502109D0B000C5393F /* Q.json */ = {isa = PBXFileReference; fileEncoding = 4; lastKnownFileType = text.json; path = Q.json; sourceTree = "<group>"; };
		DB7DBF512109D0B000C5393F /* D.json */ = {isa = PBXFileReference; fileEncoding = 4; lastKnownFileType = text.json; path = D.json; sourceTree = "<group>"; };
		DB7DBF522109D0B000C5393F /* Colon.json */ = {isa = PBXFileReference; fileEncoding = 4; lastKnownFileType = text.json; path = Colon.json; sourceTree = "<group>"; };
		DB7DBF532109D0B000C5393F /* H.json */ = {isa = PBXFileReference; fileEncoding = 4; lastKnownFileType = text.json; path = H.json; sourceTree = "<group>"; };
		DB7DBF542109D0B000C5393F /* C.json */ = {isa = PBXFileReference; fileEncoding = 4; lastKnownFileType = text.json; path = C.json; sourceTree = "<group>"; };
		DB7DBF552109D0B000C5393F /* V.json */ = {isa = PBXFileReference; fileEncoding = 4; lastKnownFileType = text.json; path = V.json; sourceTree = "<group>"; };
		DB7DBF562109D0B000C5393F /* Comma.json */ = {isa = PBXFileReference; fileEncoding = 4; lastKnownFileType = text.json; path = Comma.json; sourceTree = "<group>"; };
		DB7DBF572109D0B000C5393F /* O.json */ = {isa = PBXFileReference; fileEncoding = 4; lastKnownFileType = text.json; path = O.json; sourceTree = "<group>"; };
		DB7DBF582109D0B000C5393F /* Z.json */ = {isa = PBXFileReference; fileEncoding = 4; lastKnownFileType = text.json; path = Z.json; sourceTree = "<group>"; };
		DB7DBF592109D0B000C5393F /* N.json */ = {isa = PBXFileReference; fileEncoding = 4; lastKnownFileType = text.json; path = N.json; sourceTree = "<group>"; };
		DB7DBF5A2109D0B000C5393F /* W.json */ = {isa = PBXFileReference; fileEncoding = 4; lastKnownFileType = text.json; path = W.json; sourceTree = "<group>"; };
		DB7DBF5B2109D0B000C5393F /* B.json */ = {isa = PBXFileReference; fileEncoding = 4; lastKnownFileType = text.json; path = B.json; sourceTree = "<group>"; };
		DB7DBF5C2109D0B000C5393F /* HamburgerArrow.json */ = {isa = PBXFileReference; fileEncoding = 4; lastKnownFileType = text.json; path = HamburgerArrow.json; sourceTree = "<group>"; };
		DB7DBF5D2109D0B000C5393F /* vcTransition1.json */ = {isa = PBXFileReference; fileEncoding = 4; lastKnownFileType = text.json; path = vcTransition1.json; sourceTree = "<group>"; };
		DB7DBF5E2109D0B000C5393F /* LottieLogo2.json */ = {isa = PBXFileReference; fileEncoding = 4; lastKnownFileType = text.json; path = LottieLogo2.json; sourceTree = "<group>"; };
		DB7DBF5F2109D0B000C5393F /* Boat_Loader.json */ = {isa = PBXFileReference; fileEncoding = 4; lastKnownFileType = text.json; path = Boat_Loader.json; sourceTree = "<group>"; };
		DB7DBF602109D0B000C5393F /* GeometryTransformTest.json */ = {isa = PBXFileReference; fileEncoding = 4; lastKnownFileType = text.json; path = GeometryTransformTest.json; sourceTree = "<group>"; };
		DB7DBF612109D0B000C5393F /* Watermelon.json */ = {isa = PBXFileReference; fileEncoding = 4; lastKnownFileType = text.json; path = Watermelon.json; sourceTree = "<group>"; };
		DB7DBF622109D0B000C5393F /* IconTransitions.json */ = {isa = PBXFileReference; fileEncoding = 4; lastKnownFileType = text.json; path = IconTransitions.json; sourceTree = "<group>"; };
		DB7DBF632109D0B000C5393F /* vcTransition2.json */ = {isa = PBXFileReference; fileEncoding = 4; lastKnownFileType = text.json; path = vcTransition2.json; sourceTree = "<group>"; };
		DB7DBF642109D0B000C5393F /* LottieLogo1.json */ = {isa = PBXFileReference; fileEncoding = 4; lastKnownFileType = text.json; path = LottieLogo1.json; sourceTree = "<group>"; };
		DB7DBF652109D0B000C5393F /* Switch_States.json */ = {isa = PBXFileReference; fileEncoding = 4; lastKnownFileType = text.json; path = Switch_States.json; sourceTree = "<group>"; };
		DB7DBF662109D0B000C5393F /* setValueTest.json */ = {isa = PBXFileReference; fileEncoding = 4; lastKnownFileType = text.json; path = setValueTest.json; sourceTree = "<group>"; };
		DB7DBF692109D0B000C5393F /* keypathTest.json */ = {isa = PBXFileReference; fileEncoding = 4; lastKnownFileType = text.json; path = keypathTest.json; sourceTree = "<group>"; };
		DB7DBF6A2109D0B000C5393F /* PinJump.json */ = {isa = PBXFileReference; fileEncoding = 4; lastKnownFileType = text.json; path = PinJump.json; sourceTree = "<group>"; };
		DB7DBF6B2109D0B000C5393F /* LottieLogo1_masked.json */ = {isa = PBXFileReference; fileEncoding = 4; lastKnownFileType = text.json; path = LottieLogo1_masked.json; sourceTree = "<group>"; };
		DB7DBF6C2109D0B000C5393F /* timeremap.json */ = {isa = PBXFileReference; fileEncoding = 4; lastKnownFileType = text.json; path = timeremap.json; sourceTree = "<group>"; };
/* End PBXFileReference section */

/* Begin PBXFrameworksBuildPhase section */
		DB3122EF20E5E1CD00E26602 /* Frameworks */ = {
			isa = PBXFrameworksBuildPhase;
			buildActionMask = 2147483647;
			files = (
				E103518203791B1BC7AAC792 /* libPods-VideoProcessKitTest.a in Frameworks */,
			);
			runOnlyForDeploymentPostprocessing = 0;
		};
		DB31230720E5E1D200E26602 /* Frameworks */ = {
			isa = PBXFrameworksBuildPhase;
			buildActionMask = 2147483647;
			files = (
			);
			runOnlyForDeploymentPostprocessing = 0;
		};
		DB31231220E5E1D200E26602 /* Frameworks */ = {
			isa = PBXFrameworksBuildPhase;
			buildActionMask = 2147483647;
			files = (
			);
			runOnlyForDeploymentPostprocessing = 0;
		};
/* End PBXFrameworksBuildPhase section */

/* Begin PBXGroup section */
		46AE8DF4F7F37A3B4B14CB72 /* Pods */ = {
			isa = PBXGroup;
			children = (
				CA0CBCC7949CB3870EA8F474 /* Pods-VideoProcessKitTest.debug.xcconfig */,
				9AF7C55FB7609E2A8281FCB1 /* Pods-VideoProcessKitTest.release.xcconfig */,
			);
			name = Pods;
			sourceTree = "<group>";
		};
		591FF45E85835845373C09AE /* Frameworks */ = {
			isa = PBXGroup;
			children = (
				1650BA95D4F4E096C646D058 /* libPods-VideoProcessKitTest.a */,
			);
			name = Frameworks;
			sourceTree = "<group>";
		};
		DB3122E920E5E1CD00E26602 = {
			isa = PBXGroup;
			children = (
				DB3122F420E5E1CD00E26602 /* VideoProcessKitTest */,
				DB31230D20E5E1D200E26602 /* VideoProcessKitTestTests */,
				DB31231820E5E1D200E26602 /* VideoProcessKitTestUITests */,
				DB3122F320E5E1CD00E26602 /* Products */,
				46AE8DF4F7F37A3B4B14CB72 /* Pods */,
				591FF45E85835845373C09AE /* Frameworks */,
			);
			sourceTree = "<group>";
		};
		DB3122F320E5E1CD00E26602 /* Products */ = {
			isa = PBXGroup;
			children = (
				DB3122F220E5E1CD00E26602 /* VideoProcessKitTest.app */,
				DB31230A20E5E1D200E26602 /* VideoProcessKitTestTests.xctest */,
				DB31231520E5E1D200E26602 /* VideoProcessKitTestUITests.xctest */,
			);
			name = Products;
			sourceTree = "<group>";
		};
		DB3122F420E5E1CD00E26602 /* VideoProcessKitTest */ = {
			isa = PBXGroup;
			children = (
				DB7DBF382109D0B000C5393F /* jsons */,
				DB7DBF1B2109752900C5393F /* layer.png */,
				DB6FF89920EA48DF006956AE /* 123.mp3 */,
				DB6FF89720EA47E6006956AE /* 123.MOV */,
				DB6FF88F20EA3DB0006956AE /* MFwf6J.mp4 */,
				DB6FF89020EA3DB0006956AE /* XnzwQF.mp4 */,
				DB6FF89320EA46C2006956AE /* dVIlx3.mp4 */,
				DB6FF89420EA46C3006956AE /* T9tONp.mp4 */,
				DB31233820E6114B00E26602 /* VideoProcessKit */,
				DB31233220E60B9200E26602 /* demofolder */,
				DB31232A20E5EA4600E26602 /* BaseTableCell.h */,
				DB31232B20E5EA4700E26602 /* BaseTableCell.m */,
				DB31232720E5E9CD00E26602 /* BaseTableViewCell.h */,
				DB31232820E5E9CD00E26602 /* BaseTableViewCell.m */,
				DB3122F520E5E1CD00E26602 /* AppDelegate.h */,
				DB3122F620E5E1CD00E26602 /* AppDelegate.m */,
				DB3122F820E5E1CD00E26602 /* ViewController.h */,
				DB3122F920E5E1CD00E26602 /* ViewController.m */,
				DB3122FB20E5E1CD00E26602 /* Main.storyboard */,
				DB3122FE20E5E1D100E26602 /* Assets.xcassets */,
				DB31230020E5E1D100E26602 /* LaunchScreen.storyboard */,
				DB31230320E5E1D100E26602 /* Info.plist */,
				DB31230420E5E1D100E26602 /* main.m */,
				DB31232D20E5EAFE00E26602 /* MainTableViewCell.h */,
				DB31232E20E5EAFE00E26602 /* MainTableViewCell.m */,
				DB31232F20E5EAFE00E26602 /* MainTableViewCell.xib */,
			);
			path = VideoProcessKitTest;
			sourceTree = "<group>";
		};
		DB31230D20E5E1D200E26602 /* VideoProcessKitTestTests */ = {
			isa = PBXGroup;
			children = (
				DB31230E20E5E1D200E26602 /* VideoProcessKitTestTests.m */,
				DB31231020E5E1D200E26602 /* Info.plist */,
			);
			path = VideoProcessKitTestTests;
			sourceTree = "<group>";
		};
		DB31231820E5E1D200E26602 /* VideoProcessKitTestUITests */ = {
			isa = PBXGroup;
			children = (
				DB31231920E5E1D200E26602 /* VideoProcessKitTestUITests.m */,
				DB31231B20E5E1D200E26602 /* Info.plist */,
			);
			path = VideoProcessKitTestUITests;
			sourceTree = "<group>";
		};
		DB31233220E60B9200E26602 /* demofolder */ = {
			isa = PBXGroup;
			children = (
				DB0FBC76210F150D00227D27 /* ImageTitleButton.h */,
				DB0FBC77210F150D00227D27 /* ImageTitleButton.m */,
				DB0FBC74210F14BD00227D27 /* CustomAlertView.h */,
				DB0FBC73210F14BD00227D27 /* CustomAlertView.m */,
				DB7DBF082109613C00C5393F /* WaterMarkCon */,
				DB31233320E60BD000E26602 /* SimpleCompositionCon.h */,
				DB31233420E60BD000E26602 /* SimpleCompositionCon.m */,
				DB31233520E60BD000E26602 /* SimpleCompositionCon.xib */,
				DB7DBF032108932100C5393F /* videoWatermarksCon.h */,
				DB7DBF042108932100C5393F /* videoWatermarksCon.m */,
				DB7DBF052108932100C5393F /* videoWatermarksCon.xib */,
			);
			path = demofolder;
			sourceTree = "<group>";
		};
		DB31233820E6114B00E26602 /* VideoProcessKit */ = {
			isa = PBXGroup;
			children = (
				DB31234020E6250200E26602 /* cores */,
				DB31233C20E624DD00E26602 /* utils */,
				DB00B23321105E5E0020ABC7 /* VideoProcessKit.h */,
			);
			path = VideoProcessKit;
			sourceTree = "<group>";
		};
		DB31233C20E624DD00E26602 /* utils */ = {
			isa = PBXGroup;
			children = (
				DB31233D20E624DD00E26602 /* VPKFileManager.h */,
				DB31233E20E624DD00E26602 /* VPKFileManager.m */,
			);
			path = utils;
			sourceTree = "<group>";
		};
		DB31234020E6250200E26602 /* cores */ = {
			isa = PBXGroup;
			children = (
				DB6FF88820EA0F7D006956AE /* VPKCompositonManager.h */,
				DB6FF88920EA0F7D006956AE /* VPKCompositonManager.m */,
				DB00B230211035660020ABC7 /* VPKVideoEditTool.h */,
				DB00B231211035660020ABC7 /* VPKVideoEditTool.m */,
			);
			path = cores;
			sourceTree = "<group>";
		};
		DB7DBF082109613C00C5393F /* WaterMarkCon */ = {
			isa = PBXGroup;
			children = (
				DB7DBF092109617B00C5393F /* BaseWaterMarkCon.h */,
				DB7DBF0A2109617B00C5393F /* BaseWaterMarkCon.m */,
				DB7DBF0B2109617B00C5393F /* BaseWaterMarkCon.xib */,
				DB7DBF11210969DB00C5393F /* AddBorderCon.h */,
				DB7DBF12210969DB00C5393F /* AddBorderCon.m */,
				DB7DBF13210969DB00C5393F /* AddBorderCon.xib */,
				DB7DBF16210972D400C5393F /* AddOverLayerCon.h */,
				DB7DBF17210972D400C5393F /* AddOverLayerCon.m */,
				DB7DBF18210972D400C5393F /* AddOverLayerCon.xib */,
				DB7DBF1D210976C200C5393F /* AddSubtitleCon.h */,
				DB7DBF1E210976C200C5393F /* AddSubtitleCon.m */,
				DB7DBF1F210976C200C5393F /* AddSubtitleCon.xib */,
				DB7DBF2221099D0B00C5393F /* AddTiltCon.h */,
				DB7DBF2321099D0B00C5393F /* AddTiltCon.m */,
				DB7DBF2421099D0B00C5393F /* AddTiltCon.xib */,
				DB7DBF272109A37B00C5393F /* AddAnimationCon.h */,
				DB7DBF282109A37B00C5393F /* AddAnimationCon.m */,
				DB7DBF292109A37B00C5393F /* AddAnimationCon.xib */,
				DB7DBF312109CA9500C5393F /* AddLottieViewCon.h */,
				DB7DBF322109CA9500C5393F /* AddLottieViewCon.m */,
				DB7DBF332109CA9500C5393F /* AddLottieViewCon.xib */,
				DB0FBC6E210F12FE00227D27 /* WaterMarkWithVPKCon.h */,
				DB0FBC6F210F12FE00227D27 /* WaterMarkWithVPKCon.m */,
				DB0FBC70210F12FE00227D27 /* WaterMarkWithVPKCon.xib */,
			);
			path = WaterMarkCon;
			sourceTree = "<group>";
		};
		DB7DBF382109D0B000C5393F /* jsons */ = {
			isa = PBXGroup;
			children = (
				DB7DBF392109D0B000C5393F /* Switch.json */,
				DB7DBF3A2109D0B000C5393F /* TwitterHeart.json */,
				DB7DBF3B2109D0B000C5393F /* 9squares-AlBoardman.json */,
				DB7DBF3C2109D0B000C5393F /* MotionCorpse-Jrcanest.json */,
				DB7DBF3D2109D0B000C5393F /* TypeFace */,
				DB7DBF5C2109D0B000C5393F /* HamburgerArrow.json */,
				DB7DBF5D2109D0B000C5393F /* vcTransition1.json */,
				DB7DBF5E2109D0B000C5393F /* LottieLogo2.json */,
				DB7DBF5F2109D0B000C5393F /* Boat_Loader.json */,
				DB7DBF602109D0B000C5393F /* GeometryTransformTest.json */,
				DB7DBF612109D0B000C5393F /* Watermelon.json */,
				DB7DBF622109D0B000C5393F /* IconTransitions.json */,
				DB7DBF632109D0B000C5393F /* vcTransition2.json */,
				DB7DBF642109D0B000C5393F /* LottieLogo1.json */,
				DB7DBF652109D0B000C5393F /* Switch_States.json */,
				DB7DBF662109D0B000C5393F /* setValueTest.json */,
				DB7DBF692109D0B000C5393F /* keypathTest.json */,
				DB7DBF6A2109D0B000C5393F /* PinJump.json */,
				DB7DBF6B2109D0B000C5393F /* LottieLogo1_masked.json */,
				DB7DBF6C2109D0B000C5393F /* timeremap.json */,
			);
			path = jsons;
			sourceTree = "<group>";
		};
		DB7DBF3D2109D0B000C5393F /* TypeFace */ = {
			isa = PBXGroup;
			children = (
				DB7DBF3E2109D0B000C5393F /* T.json */,
				DB7DBF3F2109D0B000C5393F /* A.json */,
				DB7DBF402109D0B000C5393F /* X.json */,
				DB7DBF412109D0B000C5393F /* BlinkingCursor.json */,
				DB7DBF422109D0B000C5393F /* M.json */,
				DB7DBF432109D0B000C5393F /* L.json */,
				DB7DBF442109D0B000C5393F /* Y.json */,
				DB7DBF452109D0B000C5393F /* U.json */,
				DB7DBF462109D0B000C5393F /* K.json */,
				DB7DBF472109D0B000C5393F /* R.json */,
				DB7DBF482109D0B000C5393F /* G.json */,
				DB7DBF492109D0B000C5393F /* F.json */,
				DB7DBF4A2109D0B000C5393F /* S.json */,
				DB7DBF4B2109D0B000C5393F /* J.json */,
				DB7DBF4C2109D0B000C5393F /* I.json */,
				DB7DBF4D2109D0B000C5393F /* E.json */,
				DB7DBF4E2109D0B000C5393F /* Apostrophe.json */,
				DB7DBF4F2109D0B000C5393F /* P.json */,
				DB7DBF502109D0B000C5393F /* Q.json */,
				DB7DBF512109D0B000C5393F /* D.json */,
				DB7DBF522109D0B000C5393F /* Colon.json */,
				DB7DBF532109D0B000C5393F /* H.json */,
				DB7DBF542109D0B000C5393F /* C.json */,
				DB7DBF552109D0B000C5393F /* V.json */,
				DB7DBF562109D0B000C5393F /* Comma.json */,
				DB7DBF572109D0B000C5393F /* O.json */,
				DB7DBF582109D0B000C5393F /* Z.json */,
				DB7DBF592109D0B000C5393F /* N.json */,
				DB7DBF5A2109D0B000C5393F /* W.json */,
				DB7DBF5B2109D0B000C5393F /* B.json */,
			);
			path = TypeFace;
			sourceTree = "<group>";
		};
/* End PBXGroup section */

/* Begin PBXNativeTarget section */
		DB3122F120E5E1CD00E26602 /* VideoProcessKitTest */ = {
			isa = PBXNativeTarget;
			buildConfigurationList = DB31231E20E5E1D200E26602 /* Build configuration list for PBXNativeTarget "VideoProcessKitTest" */;
			buildPhases = (
				C726A466B45F6ED672B42DA7 /* [CP] Check Pods Manifest.lock */,
				DB3122EE20E5E1CD00E26602 /* Sources */,
				DB3122EF20E5E1CD00E26602 /* Frameworks */,
				DB3122F020E5E1CD00E26602 /* Resources */,
				D4195DFF0F312CC0669E497E /* [CP] Embed Pods Frameworks */,
				073693D069D2CFC3AE9429BA /* [CP] Copy Pods Resources */,
			);
			buildRules = (
			);
			dependencies = (
			);
			name = VideoProcessKitTest;
			productName = VideoProcessKitTest;
			productReference = DB3122F220E5E1CD00E26602 /* VideoProcessKitTest.app */;
			productType = "com.apple.product-type.application";
		};
		DB31230920E5E1D200E26602 /* VideoProcessKitTestTests */ = {
			isa = PBXNativeTarget;
			buildConfigurationList = DB31232120E5E1D200E26602 /* Build configuration list for PBXNativeTarget "VideoProcessKitTestTests" */;
			buildPhases = (
				DB31230620E5E1D200E26602 /* Sources */,
				DB31230720E5E1D200E26602 /* Frameworks */,
				DB31230820E5E1D200E26602 /* Resources */,
			);
			buildRules = (
			);
			dependencies = (
				DB31230C20E5E1D200E26602 /* PBXTargetDependency */,
			);
			name = VideoProcessKitTestTests;
			productName = VideoProcessKitTestTests;
			productReference = DB31230A20E5E1D200E26602 /* VideoProcessKitTestTests.xctest */;
			productType = "com.apple.product-type.bundle.unit-test";
		};
		DB31231420E5E1D200E26602 /* VideoProcessKitTestUITests */ = {
			isa = PBXNativeTarget;
			buildConfigurationList = DB31232420E5E1D200E26602 /* Build configuration list for PBXNativeTarget "VideoProcessKitTestUITests" */;
			buildPhases = (
				DB31231120E5E1D200E26602 /* Sources */,
				DB31231220E5E1D200E26602 /* Frameworks */,
				DB31231320E5E1D200E26602 /* Resources */,
			);
			buildRules = (
			);
			dependencies = (
				DB31231720E5E1D200E26602 /* PBXTargetDependency */,
			);
			name = VideoProcessKitTestUITests;
			productName = VideoProcessKitTestUITests;
			productReference = DB31231520E5E1D200E26602 /* VideoProcessKitTestUITests.xctest */;
			productType = "com.apple.product-type.bundle.ui-testing";
		};
/* End PBXNativeTarget section */

/* Begin PBXProject section */
		DB3122EA20E5E1CD00E26602 /* Project object */ = {
			isa = PBXProject;
			attributes = {
				LastUpgradeCheck = 0940;
				ORGANIZATIONNAME = PeterHu;
				TargetAttributes = {
					DB3122F120E5E1CD00E26602 = {
						CreatedOnToolsVersion = 9.4.1;
					};
					DB31230920E5E1D200E26602 = {
						CreatedOnToolsVersion = 9.4.1;
						TestTargetID = DB3122F120E5E1CD00E26602;
					};
					DB31231420E5E1D200E26602 = {
						CreatedOnToolsVersion = 9.4.1;
						TestTargetID = DB3122F120E5E1CD00E26602;
					};
				};
			};
			buildConfigurationList = DB3122ED20E5E1CD00E26602 /* Build configuration list for PBXProject "VideoProcessKitTest" */;
			compatibilityVersion = "Xcode 9.3";
			developmentRegion = en;
			hasScannedForEncodings = 0;
			knownRegions = (
				en,
				Base,
			);
			mainGroup = DB3122E920E5E1CD00E26602;
			productRefGroup = DB3122F320E5E1CD00E26602 /* Products */;
			projectDirPath = "";
			projectRoot = "";
			targets = (
				DB3122F120E5E1CD00E26602 /* VideoProcessKitTest */,
				DB31230920E5E1D200E26602 /* VideoProcessKitTestTests */,
				DB31231420E5E1D200E26602 /* VideoProcessKitTestUITests */,
			);
		};
/* End PBXProject section */

/* Begin PBXResourcesBuildPhase section */
		DB3122F020E5E1CD00E26602 /* Resources */ = {
			isa = PBXResourcesBuildPhase;
			buildActionMask = 2147483647;
			files = (
				DB7DBF8C2109D0B100C5393F /* N.json in Resources */,
				DB7DBF792109D0B100C5393F /* K.json in Resources */,
				DB7DBF1A210972D400C5393F /* AddOverLayerCon.xib in Resources */,
				DB7DBF822109D0B100C5393F /* P.json in Resources */,
				DB7DBF7A2109D0B100C5393F /* R.json in Resources */,
				DB31230220E5E1D100E26602 /* LaunchScreen.storyboard in Resources */,
				DB7DBF7D2109D0B100C5393F /* S.json in Resources */,
				DB7DBF832109D0B100C5393F /* Q.json in Resources */,
				DB6FF89120EA3DB0006956AE /* MFwf6J.mp4 in Resources */,
				DB7DBF852109D0B100C5393F /* Colon.json in Resources */,
				DB7DBF782109D0B000C5393F /* U.json in Resources */,
				DB7DBF702109D0B000C5393F /* MotionCorpse-Jrcanest.json in Resources */,
				DB7DBF9D2109D0B100C5393F /* PinJump.json in Resources */,
				DB3122FF20E5E1D100E26602 /* Assets.xcassets in Resources */,
				DB7DBF912109D0B100C5393F /* LottieLogo2.json in Resources */,
				DB7DBF9C2109D0B100C5393F /* keypathTest.json in Resources */,
				DB7DBF8D2109D0B100C5393F /* W.json in Resources */,
				DB6FF89820EA47E6006956AE /* 123.MOV in Resources */,
				DB6FF89520EA46C3006956AE /* dVIlx3.mp4 in Resources */,
				DB7DBF6F2109D0B000C5393F /* 9squares-AlBoardman.json in Resources */,
				DB31233720E60BD000E26602 /* SimpleCompositionCon.xib in Resources */,
				DB7DBF7F2109D0B100C5393F /* I.json in Resources */,
				DB7DBF922109D0B100C5393F /* Boat_Loader.json in Resources */,
				DB31233120E5EAFE00E26602 /* MainTableViewCell.xib in Resources */,
				DB7DBF972109D0B100C5393F /* LottieLogo1.json in Resources */,
				DB7DBF762109D0B000C5393F /* L.json in Resources */,
				DB7DBF9F2109D0B100C5393F /* timeremap.json in Resources */,
				DB7DBF9E2109D0B100C5393F /* LottieLogo1_masked.json in Resources */,
				DB7DBF842109D0B100C5393F /* D.json in Resources */,
				DB7DBF882109D0B100C5393F /* V.json in Resources */,
				DB7DBF942109D0B100C5393F /* Watermelon.json in Resources */,
				DB7DBF902109D0B100C5393F /* vcTransition1.json in Resources */,
				DB7DBF812109D0B100C5393F /* Apostrophe.json in Resources */,
				DB7DBF712109D0B000C5393F /* T.json in Resources */,
				DB7DBF072108932100C5393F /* videoWatermarksCon.xib in Resources */,
				DB7DBF1C2109752900C5393F /* layer.png in Resources */,
				DB7DBF892109D0B100C5393F /* Comma.json in Resources */,
				DB0FBC72210F12FE00227D27 /* WaterMarkWithVPKCon.xib in Resources */,
				DB7DBF722109D0B000C5393F /* A.json in Resources */,
				DB7DBF15210969DB00C5393F /* AddBorderCon.xib in Resources */,
				DB7DBF8E2109D0B100C5393F /* B.json in Resources */,
				DB7DBF7E2109D0B100C5393F /* J.json in Resources */,
				DB6FF89220EA3DB0006956AE /* XnzwQF.mp4 in Resources */,
				DB7DBF6D2109D0B000C5393F /* Switch.json in Resources */,
				DB7DBF752109D0B000C5393F /* M.json in Resources */,
				DB7DBF992109D0B100C5393F /* setValueTest.json in Resources */,
				DB7DBF932109D0B100C5393F /* GeometryTransformTest.json in Resources */,
				DB6FF89A20EA48DF006956AE /* 123.mp3 in Resources */,
				DB7DBF8B2109D0B100C5393F /* Z.json in Resources */,
				DB7DBF2621099D0B00C5393F /* AddTiltCon.xib in Resources */,
				DB7DBF872109D0B100C5393F /* C.json in Resources */,
				DB7DBF952109D0B100C5393F /* IconTransitions.json in Resources */,
				DB7DBF8A2109D0B100C5393F /* O.json in Resources */,
				DB7DBF732109D0B000C5393F /* X.json in Resources */,
				DB7DBF7B2109D0B100C5393F /* G.json in Resources */,
				DB7DBF2B2109A37B00C5393F /* AddAnimationCon.xib in Resources */,
				DB7DBF6E2109D0B000C5393F /* TwitterHeart.json in Resources */,
				DB7DBF7C2109D0B100C5393F /* F.json in Resources */,
				DB7DBF772109D0B000C5393F /* Y.json in Resources */,
				DB7DBF21210976C200C5393F /* AddSubtitleCon.xib in Resources */,
				DB7DBF742109D0B000C5393F /* BlinkingCursor.json in Resources */,
				DB7DBF802109D0B100C5393F /* E.json in Resources */,
				DB7DBF0D2109617B00C5393F /* BaseWaterMarkCon.xib in Resources */,
				DB7DBF862109D0B100C5393F /* H.json in Resources */,
				DB7DBF8F2109D0B100C5393F /* HamburgerArrow.json in Resources */,
				DB7DBF962109D0B100C5393F /* vcTransition2.json in Resources */,
				DB6FF89620EA46C3006956AE /* T9tONp.mp4 in Resources */,
				DB7DBF352109CA9500C5393F /* AddLottieViewCon.xib in Resources */,
				DB3122FD20E5E1CD00E26602 /* Main.storyboard in Resources */,
				DB7DBF982109D0B100C5393F /* Switch_States.json in Resources */,
			);
			runOnlyForDeploymentPostprocessing = 0;
		};
		DB31230820E5E1D200E26602 /* Resources */ = {
			isa = PBXResourcesBuildPhase;
			buildActionMask = 2147483647;
			files = (
			);
			runOnlyForDeploymentPostprocessing = 0;
		};
		DB31231320E5E1D200E26602 /* Resources */ = {
			isa = PBXResourcesBuildPhase;
			buildActionMask = 2147483647;
			files = (
			);
			runOnlyForDeploymentPostprocessing = 0;
		};
/* End PBXResourcesBuildPhase section */

/* Begin PBXShellScriptBuildPhase section */
		073693D069D2CFC3AE9429BA /* [CP] Copy Pods Resources */ = {
			isa = PBXShellScriptBuildPhase;
			buildActionMask = 2147483647;
			files = (
			);
			inputPaths = (
			);
			name = "[CP] Copy Pods Resources";
			outputPaths = (
			);
			runOnlyForDeploymentPostprocessing = 0;
			shellPath = /bin/sh;
			shellScript = "\"${SRCROOT}/Pods/Target Support Files/Pods-VideoProcessKitTest/Pods-VideoProcessKitTest-resources.sh\"\n";
			showEnvVarsInLog = 0;
		};
		C726A466B45F6ED672B42DA7 /* [CP] Check Pods Manifest.lock */ = {
			isa = PBXShellScriptBuildPhase;
			buildActionMask = 2147483647;
			files = (
			);
			inputPaths = (
				"${PODS_PODFILE_DIR_PATH}/Podfile.lock",
				"${PODS_ROOT}/Manifest.lock",
			);
			name = "[CP] Check Pods Manifest.lock";
			outputPaths = (
				"$(DERIVED_FILE_DIR)/Pods-VideoProcessKitTest-checkManifestLockResult.txt",
			);
			runOnlyForDeploymentPostprocessing = 0;
			shellPath = /bin/sh;
			shellScript = "diff \"${PODS_PODFILE_DIR_PATH}/Podfile.lock\" \"${PODS_ROOT}/Manifest.lock\" > /dev/null\nif [ $? != 0 ] ; then\n    # print error to STDERR\n    echo \"error: The sandbox is not in sync with the Podfile.lock. Run 'pod install' or update your CocoaPods installation.\" >&2\n    exit 1\nfi\n# This output is used by Xcode 'outputs' to avoid re-running this script phase.\necho \"SUCCESS\" > \"${SCRIPT_OUTPUT_FILE_0}\"\n";
			showEnvVarsInLog = 0;
		};
		D4195DFF0F312CC0669E497E /* [CP] Embed Pods Frameworks */ = {
			isa = PBXShellScriptBuildPhase;
			buildActionMask = 2147483647;
			files = (
			);
			inputPaths = (
			);
			name = "[CP] Embed Pods Frameworks";
			outputPaths = (
			);
			runOnlyForDeploymentPostprocessing = 0;
			shellPath = /bin/sh;
			shellScript = "\"${SRCROOT}/Pods/Target Support Files/Pods-VideoProcessKitTest/Pods-VideoProcessKitTest-frameworks.sh\"\n";
			showEnvVarsInLog = 0;
		};
/* End PBXShellScriptBuildPhase section */

/* Begin PBXSourcesBuildPhase section */
		DB3122EE20E5E1CD00E26602 /* Sources */ = {
			isa = PBXSourcesBuildPhase;
			buildActionMask = 2147483647;
			files = (
				DB31233020E5EAFE00E26602 /* MainTableViewCell.m in Sources */,
				DB0FBC71210F12FE00227D27 /* WaterMarkWithVPKCon.m in Sources */,
				DB31232920E5E9CD00E26602 /* BaseTableViewCell.m in Sources */,
				DB31233620E60BD000E26602 /* SimpleCompositionCon.m in Sources */,
				DB7DBF062108932100C5393F /* videoWatermarksCon.m in Sources */,
				DB7DBF14210969DB00C5393F /* AddBorderCon.m in Sources */,
				DB0FBC78210F150D00227D27 /* ImageTitleButton.m in Sources */,
				DB7DBF2A2109A37B00C5393F /* AddAnimationCon.m in Sources */,
				DB7DBF0C2109617B00C5393F /* BaseWaterMarkCon.m in Sources */,
				DB6FF88A20EA0F7D006956AE /* VPKCompositonManager.m in Sources */,
				DB3122FA20E5E1CD00E26602 /* ViewController.m in Sources */,
				DB7DBF20210976C200C5393F /* AddSubtitleCon.m in Sources */,
				DB7DBF19210972D400C5393F /* AddOverLayerCon.m in Sources */,
				DB31230520E5E1D100E26602 /* main.m in Sources */,
				DB31232C20E5EA4700E26602 /* BaseTableCell.m in Sources */,
				DB3122F720E5E1CD00E26602 /* AppDelegate.m in Sources */,
				DB00B232211035660020ABC7 /* VPKVideoEditTool.m in Sources */,
				DB0FBC75210F14BD00227D27 /* CustomAlertView.m in Sources */,
				DB7DBF2521099D0B00C5393F /* AddTiltCon.m in Sources */,
				DB7DBF342109CA9500C5393F /* AddLottieViewCon.m in Sources */,
				DB31233F20E624DE00E26602 /* VPKFileManager.m in Sources */,
			);
			runOnlyForDeploymentPostprocessing = 0;
		};
		DB31230620E5E1D200E26602 /* Sources */ = {
			isa = PBXSourcesBuildPhase;
			buildActionMask = 2147483647;
			files = (
				DB31230F20E5E1D200E26602 /* VideoProcessKitTestTests.m in Sources */,
			);
			runOnlyForDeploymentPostprocessing = 0;
		};
		DB31231120E5E1D200E26602 /* Sources */ = {
			isa = PBXSourcesBuildPhase;
			buildActionMask = 2147483647;
			files = (
				DB31231A20E5E1D200E26602 /* VideoProcessKitTestUITests.m in Sources */,
			);
			runOnlyForDeploymentPostprocessing = 0;
		};
/* End PBXSourcesBuildPhase section */

/* Begin PBXTargetDependency section */
		DB31230C20E5E1D200E26602 /* PBXTargetDependency */ = {
			isa = PBXTargetDependency;
			target = DB3122F120E5E1CD00E26602 /* VideoProcessKitTest */;
			targetProxy = DB31230B20E5E1D200E26602 /* PBXContainerItemProxy */;
		};
		DB31231720E5E1D200E26602 /* PBXTargetDependency */ = {
			isa = PBXTargetDependency;
			target = DB3122F120E5E1CD00E26602 /* VideoProcessKitTest */;
			targetProxy = DB31231620E5E1D200E26602 /* PBXContainerItemProxy */;
		};
/* End PBXTargetDependency section */

/* Begin PBXVariantGroup section */
		DB3122FB20E5E1CD00E26602 /* Main.storyboard */ = {
			isa = PBXVariantGroup;
			children = (
				DB3122FC20E5E1CD00E26602 /* Base */,
			);
			name = Main.storyboard;
			sourceTree = "<group>";
		};
		DB31230020E5E1D100E26602 /* LaunchScreen.storyboard */ = {
			isa = PBXVariantGroup;
			children = (
				DB31230120E5E1D100E26602 /* Base */,
			);
			name = LaunchScreen.storyboard;
			sourceTree = "<group>";
		};
/* End PBXVariantGroup section */

/* Begin XCBuildConfiguration section */
		DB31231C20E5E1D200E26602 /* Debug */ = {
			isa = XCBuildConfiguration;
			buildSettings = {
				ALWAYS_SEARCH_USER_PATHS = NO;
				CLANG_ANALYZER_NONNULL = YES;
				CLANG_ANALYZER_NUMBER_OBJECT_CONVERSION = YES_AGGRESSIVE;
				CLANG_CXX_LANGUAGE_STANDARD = "gnu++14";
				CLANG_CXX_LIBRARY = "libc++";
				CLANG_ENABLE_MODULES = YES;
				CLANG_ENABLE_OBJC_ARC = YES;
				CLANG_ENABLE_OBJC_WEAK = YES;
				CLANG_WARN_BLOCK_CAPTURE_AUTORELEASING = YES;
				CLANG_WARN_BOOL_CONVERSION = YES;
				CLANG_WARN_COMMA = YES;
				CLANG_WARN_CONSTANT_CONVERSION = YES;
				CLANG_WARN_DEPRECATED_OBJC_IMPLEMENTATIONS = YES;
				CLANG_WARN_DIRECT_OBJC_ISA_USAGE = YES_ERROR;
				CLANG_WARN_DOCUMENTATION_COMMENTS = YES;
				CLANG_WARN_EMPTY_BODY = YES;
				CLANG_WARN_ENUM_CONVERSION = YES;
				CLANG_WARN_INFINITE_RECURSION = YES;
				CLANG_WARN_INT_CONVERSION = YES;
				CLANG_WARN_NON_LITERAL_NULL_CONVERSION = YES;
				CLANG_WARN_OBJC_IMPLICIT_RETAIN_SELF = YES;
				CLANG_WARN_OBJC_LITERAL_CONVERSION = YES;
				CLANG_WARN_OBJC_ROOT_CLASS = YES_ERROR;
				CLANG_WARN_RANGE_LOOP_ANALYSIS = YES;
				CLANG_WARN_STRICT_PROTOTYPES = YES;
				CLANG_WARN_SUSPICIOUS_MOVE = YES;
				CLANG_WARN_UNGUARDED_AVAILABILITY = YES_AGGRESSIVE;
				CLANG_WARN_UNREACHABLE_CODE = YES;
				CLANG_WARN__DUPLICATE_METHOD_MATCH = YES;
				CODE_SIGN_IDENTITY = "iPhone Developer";
				COPY_PHASE_STRIP = NO;
				DEBUG_INFORMATION_FORMAT = dwarf;
				ENABLE_STRICT_OBJC_MSGSEND = YES;
				ENABLE_TESTABILITY = YES;
				GCC_C_LANGUAGE_STANDARD = gnu11;
				GCC_DYNAMIC_NO_PIC = NO;
				GCC_NO_COMMON_BLOCKS = YES;
				GCC_OPTIMIZATION_LEVEL = 0;
				GCC_PREPROCESSOR_DEFINITIONS = (
					"DEBUG=1",
					"$(inherited)",
				);
				GCC_WARN_64_TO_32_BIT_CONVERSION = YES;
				GCC_WARN_ABOUT_RETURN_TYPE = YES_ERROR;
				GCC_WARN_UNDECLARED_SELECTOR = YES;
				GCC_WARN_UNINITIALIZED_AUTOS = YES_AGGRESSIVE;
				GCC_WARN_UNUSED_FUNCTION = YES;
				GCC_WARN_UNUSED_VARIABLE = YES;
				IPHONEOS_DEPLOYMENT_TARGET = 11.4;
				MTL_ENABLE_DEBUG_INFO = YES;
				ONLY_ACTIVE_ARCH = YES;
				SDKROOT = iphoneos;
			};
			name = Debug;
		};
		DB31231D20E5E1D200E26602 /* Release */ = {
			isa = XCBuildConfiguration;
			buildSettings = {
				ALWAYS_SEARCH_USER_PATHS = NO;
				CLANG_ANALYZER_NONNULL = YES;
				CLANG_ANALYZER_NUMBER_OBJECT_CONVERSION = YES_AGGRESSIVE;
				CLANG_CXX_LANGUAGE_STANDARD = "gnu++14";
				CLANG_CXX_LIBRARY = "libc++";
				CLANG_ENABLE_MODULES = YES;
				CLANG_ENABLE_OBJC_ARC = YES;
				CLANG_ENABLE_OBJC_WEAK = YES;
				CLANG_WARN_BLOCK_CAPTURE_AUTORELEASING = YES;
				CLANG_WARN_BOOL_CONVERSION = YES;
				CLANG_WARN_COMMA = YES;
				CLANG_WARN_CONSTANT_CONVERSION = YES;
				CLANG_WARN_DEPRECATED_OBJC_IMPLEMENTATIONS = YES;
				CLANG_WARN_DIRECT_OBJC_ISA_USAGE = YES_ERROR;
				CLANG_WARN_DOCUMENTATION_COMMENTS = YES;
				CLANG_WARN_EMPTY_BODY = YES;
				CLANG_WARN_ENUM_CONVERSION = YES;
				CLANG_WARN_INFINITE_RECURSION = YES;
				CLANG_WARN_INT_CONVERSION = YES;
				CLANG_WARN_NON_LITERAL_NULL_CONVERSION = YES;
				CLANG_WARN_OBJC_IMPLICIT_RETAIN_SELF = YES;
				CLANG_WARN_OBJC_LITERAL_CONVERSION = YES;
				CLANG_WARN_OBJC_ROOT_CLASS = YES_ERROR;
				CLANG_WARN_RANGE_LOOP_ANALYSIS = YES;
				CLANG_WARN_STRICT_PROTOTYPES = YES;
				CLANG_WARN_SUSPICIOUS_MOVE = YES;
				CLANG_WARN_UNGUARDED_AVAILABILITY = YES_AGGRESSIVE;
				CLANG_WARN_UNREACHABLE_CODE = YES;
				CLANG_WARN__DUPLICATE_METHOD_MATCH = YES;
				CODE_SIGN_IDENTITY = "iPhone Developer";
				COPY_PHASE_STRIP = NO;
				DEBUG_INFORMATION_FORMAT = "dwarf-with-dsym";
				ENABLE_NS_ASSERTIONS = NO;
				ENABLE_STRICT_OBJC_MSGSEND = YES;
				GCC_C_LANGUAGE_STANDARD = gnu11;
				GCC_NO_COMMON_BLOCKS = YES;
				GCC_WARN_64_TO_32_BIT_CONVERSION = YES;
				GCC_WARN_ABOUT_RETURN_TYPE = YES_ERROR;
				GCC_WARN_UNDECLARED_SELECTOR = YES;
				GCC_WARN_UNINITIALIZED_AUTOS = YES_AGGRESSIVE;
				GCC_WARN_UNUSED_FUNCTION = YES;
				GCC_WARN_UNUSED_VARIABLE = YES;
				IPHONEOS_DEPLOYMENT_TARGET = 11.4;
				MTL_ENABLE_DEBUG_INFO = NO;
				SDKROOT = iphoneos;
				VALIDATE_PRODUCT = YES;
			};
			name = Release;
		};
		DB31231F20E5E1D200E26602 /* Debug */ = {
			isa = XCBuildConfiguration;
			baseConfigurationReference = CA0CBCC7949CB3870EA8F474 /* Pods-VideoProcessKitTest.debug.xcconfig */;
			buildSettings = {
				ASSETCATALOG_COMPILER_APPICON_NAME = AppIcon;
				CODE_SIGN_STYLE = Automatic;
				DEVELOPMENT_TEAM = G7LDTLLV6N;
				INFOPLIST_FILE = VideoProcessKitTest/Info.plist;
				LD_RUNPATH_SEARCH_PATHS = (
					"$(inherited)",
					"@executable_path/Frameworks",
				);
				PRODUCT_BUNDLE_IDENTIFIER = PH.VideoProcessKitTe;
				PRODUCT_NAME = "$(TARGET_NAME)";
				TARGETED_DEVICE_FAMILY = "1,2";
			};
			name = Debug;
		};
		DB31232020E5E1D200E26602 /* Release */ = {
			isa = XCBuildConfiguration;
			baseConfigurationReference = 9AF7C55FB7609E2A8281FCB1 /* Pods-VideoProcessKitTest.release.xcconfig */;
			buildSettings = {
				ASSETCATALOG_COMPILER_APPICON_NAME = AppIcon;
				CODE_SIGN_STYLE = Automatic;
				DEVELOPMENT_TEAM = G7LDTLLV6N;
				INFOPLIST_FILE = VideoProcessKitTest/Info.plist;
				LD_RUNPATH_SEARCH_PATHS = (
					"$(inherited)",
					"@executable_path/Frameworks",
				);
				PRODUCT_BUNDLE_IDENTIFIER = PH.VideoProcessKitTe;
				PRODUCT_NAME = "$(TARGET_NAME)";
				TARGETED_DEVICE_FAMILY = "1,2";
			};
			name = Release;
		};
		DB31232220E5E1D200E26602 /* Debug */ = {
			isa = XCBuildConfiguration;
			buildSettings = {
				BUNDLE_LOADER = "$(TEST_HOST)";
				CODE_SIGN_STYLE = Automatic;
				DEVELOPMENT_TEAM = G7LDTLLV6N;
				INFOPLIST_FILE = VideoProcessKitTestTests/Info.plist;
				LD_RUNPATH_SEARCH_PATHS = (
					"$(inherited)",
					"@executable_path/Frameworks",
					"@loader_path/Frameworks",
				);
				PRODUCT_BUNDLE_IDENTIFIER = PH.VideoProcessKitTestTests;
				PRODUCT_NAME = "$(TARGET_NAME)";
				TARGETED_DEVICE_FAMILY = "1,2";
				TEST_HOST = "$(BUILT_PRODUCTS_DIR)/VideoProcessKitTest.app/VideoProcessKitTest";
			};
			name = Debug;
		};
		DB31232320E5E1D200E26602 /* Release */ = {
			isa = XCBuildConfiguration;
			buildSettings = {
				BUNDLE_LOADER = "$(TEST_HOST)";
				CODE_SIGN_STYLE = Automatic;
				DEVELOPMENT_TEAM = G7LDTLLV6N;
				INFOPLIST_FILE = VideoProcessKitTestTests/Info.plist;
				LD_RUNPATH_SEARCH_PATHS = (
					"$(inherited)",
					"@executable_path/Frameworks",
					"@loader_path/Frameworks",
				);
				PRODUCT_BUNDLE_IDENTIFIER = PH.VideoProcessKitTestTests;
				PRODUCT_NAME = "$(TARGET_NAME)";
				TARGETED_DEVICE_FAMILY = "1,2";
				TEST_HOST = "$(BUILT_PRODUCTS_DIR)/VideoProcessKitTest.app/VideoProcessKitTest";
			};
			name = Release;
		};
		DB31232520E5E1D200E26602 /* Debug */ = {
			isa = XCBuildConfiguration;
			buildSettings = {
				CODE_SIGN_STYLE = Automatic;
				DEVELOPMENT_TEAM = G7LDTLLV6N;
				INFOPLIST_FILE = VideoProcessKitTestUITests/Info.plist;
				LD_RUNPATH_SEARCH_PATHS = (
					"$(inherited)",
					"@executable_path/Frameworks",
					"@loader_path/Frameworks",
				);
				PRODUCT_BUNDLE_IDENTIFIER = PH.VideoProcessKitTestUITests;
				PRODUCT_NAME = "$(TARGET_NAME)";
				TARGETED_DEVICE_FAMILY = "1,2";
				TEST_TARGET_NAME = VideoProcessKitTest;
			};
			name = Debug;
		};
		DB31232620E5E1D200E26602 /* Release */ = {
			isa = XCBuildConfiguration;
			buildSettings = {
				CODE_SIGN_STYLE = Automatic;
				DEVELOPMENT_TEAM = G7LDTLLV6N;
				INFOPLIST_FILE = VideoProcessKitTestUITests/Info.plist;
				LD_RUNPATH_SEARCH_PATHS = (
					"$(inherited)",
					"@executable_path/Frameworks",
					"@loader_path/Frameworks",
				);
				PRODUCT_BUNDLE_IDENTIFIER = PH.VideoProcessKitTestUITests;
				PRODUCT_NAME = "$(TARGET_NAME)";
				TARGETED_DEVICE_FAMILY = "1,2";
				TEST_TARGET_NAME = VideoProcessKitTest;
			};
			name = Release;
		};
/* End XCBuildConfiguration section */

/* Begin XCConfigurationList section */
		DB3122ED20E5E1CD00E26602 /* Build configuration list for PBXProject "VideoProcessKitTest" */ = {
			isa = XCConfigurationList;
			buildConfigurations = (
				DB31231C20E5E1D200E26602 /* Debug */,
				DB31231D20E5E1D200E26602 /* Release */,
			);
			defaultConfigurationIsVisible = 0;
			defaultConfigurationName = Release;
		};
		DB31231E20E5E1D200E26602 /* Build configuration list for PBXNativeTarget "VideoProcessKitTest" */ = {
			isa = XCConfigurationList;
			buildConfigurations = (
				DB31231F20E5E1D200E26602 /* Debug */,
				DB31232020E5E1D200E26602 /* Release */,
			);
			defaultConfigurationIsVisible = 0;
			defaultConfigurationName = Release;
		};
		DB31232120E5E1D200E26602 /* Build configuration list for PBXNativeTarget "VideoProcessKitTestTests" */ = {
			isa = XCConfigurationList;
			buildConfigurations = (
				DB31232220E5E1D200E26602 /* Debug */,
				DB31232320E5E1D200E26602 /* Release */,
			);
			defaultConfigurationIsVisible = 0;
			defaultConfigurationName = Release;
		};
		DB31232420E5E1D200E26602 /* Build configuration list for PBXNativeTarget "VideoProcessKitTestUITests" */ = {
			isa = XCConfigurationList;
			buildConfigurations = (
				DB31232520E5E1D200E26602 /* Debug */,
				DB31232620E5E1D200E26602 /* Release */,
			);
			defaultConfigurationIsVisible = 0;
			defaultConfigurationName = Release;
		};
/* End XCConfigurationList section */
	};
	rootObject = DB3122EA20E5E1CD00E26602 /* Project object */;
}
